// !$*UTF8*$!
{
	archiveVersion = 1;
	classes = {
	};
	objectVersion = 50;
	objects = {

/* Begin PBXBuildFile section */
		4D56B35D234282D200DE1CDD /* AppDelegate.swift in Sources */ = {isa = PBXBuildFile; fileRef = 4D56B35C234282D200DE1CDD /* AppDelegate.swift */; };
		4D56B35F234282D200DE1CDD /* SceneDelegate.swift in Sources */ = {isa = PBXBuildFile; fileRef = 4D56B35E234282D200DE1CDD /* SceneDelegate.swift */; };
		4D56B361234282D200DE1CDD /* SearchPhotoViewController.swift in Sources */ = {isa = PBXBuildFile; fileRef = 4D56B360234282D200DE1CDD /* SearchPhotoViewController.swift */; };
		4D56B364234282D200DE1CDD /* Main.storyboard in Resources */ = {isa = PBXBuildFile; fileRef = 4D56B362234282D200DE1CDD /* Main.storyboard */; };
		4D56B366234282D700DE1CDD /* Assets.xcassets in Resources */ = {isa = PBXBuildFile; fileRef = 4D56B365234282D700DE1CDD /* Assets.xcassets */; };
		4D56B369234282D700DE1CDD /* LaunchScreen.storyboard in Resources */ = {isa = PBXBuildFile; fileRef = 4D56B367234282D700DE1CDD /* LaunchScreen.storyboard */; };
		4D56B374234282D700DE1CDD /* PersistanceLabTests.swift in Sources */ = {isa = PBXBuildFile; fileRef = 4D56B373234282D700DE1CDD /* PersistanceLabTests.swift */; };
		4D56B37F2342831D00DE1CDD /* Secrets.swift in Sources */ = {isa = PBXBuildFile; fileRef = 4D56B37E2342831D00DE1CDD /* Secrets.swift */; };
		4DE5194123428791005097C3 /* PersistanceHelper.swift in Sources */ = {isa = PBXBuildFile; fileRef = 4DE5194023428791005097C3 /* PersistanceHelper.swift */; };
		4DE5194323428806005097C3 /* NetworkHelper.swift in Sources */ = {isa = PBXBuildFile; fileRef = 4DE5194223428806005097C3 /* NetworkHelper.swift */; };
		4DE5194523428814005097C3 /* AppError.swift in Sources */ = {isa = PBXBuildFile; fileRef = 4DE5194423428814005097C3 /* AppError.swift */; };
		4DE5194723428C36005097C3 /* ImageHelper.swift in Sources */ = {isa = PBXBuildFile; fileRef = 4DE5194623428C36005097C3 /* ImageHelper.swift */; };
		4DE5194923428D9B005097C3 /* PhotoCollectionViewCell.swift in Sources */ = {isa = PBXBuildFile; fileRef = 4DE5194823428D9B005097C3 /* PhotoCollectionViewCell.swift */; };
		4DE5194B23428E1F005097C3 /* PhotoWrapper.swift in Sources */ = {isa = PBXBuildFile; fileRef = 4DE5194A23428E1F005097C3 /* PhotoWrapper.swift */; };
		4DE5194D23428EF0005097C3 /* PhotoApiHelper.swift in Sources */ = {isa = PBXBuildFile; fileRef = 4DE5194C23428EF0005097C3 /* PhotoApiHelper.swift */; };
		4DE5194F23429661005097C3 /* SearchDetailViewController.swift in Sources */ = {isa = PBXBuildFile; fileRef = 4DE5194E23429661005097C3 /* SearchDetailViewController.swift */; };
		4DE519512342A294005097C3 /* FavoriteTableViewCell.swift in Sources */ = {isa = PBXBuildFile; fileRef = 4DE519502342A294005097C3 /* FavoriteTableViewCell.swift */; };
		4DE519532342A2E8005097C3 /* FavoritesViewController.swift in Sources */ = {isa = PBXBuildFile; fileRef = 4DE519522342A2E8005097C3 /* FavoritesViewController.swift */; };
/* End PBXBuildFile section */

/* Begin PBXContainerItemProxy section */
		4D56B370234282D700DE1CDD /* PBXContainerItemProxy */ = {
			isa = PBXContainerItemProxy;
			containerPortal = 4D56B351234282D200DE1CDD /* Project object */;
			proxyType = 1;
			remoteGlobalIDString = 4D56B358234282D200DE1CDD;
			remoteInfo = PersistanceLab;
		};
/* End PBXContainerItemProxy section */

/* Begin PBXFileReference section */
		4D56B359234282D200DE1CDD /* PersistanceLab.app */ = {isa = PBXFileReference; explicitFileType = wrapper.application; includeInIndex = 0; path = PersistanceLab.app; sourceTree = BUILT_PRODUCTS_DIR; };
		4D56B35C234282D200DE1CDD /* AppDelegate.swift */ = {isa = PBXFileReference; lastKnownFileType = sourcecode.swift; path = AppDelegate.swift; sourceTree = "<group>"; };
		4D56B35E234282D200DE1CDD /* SceneDelegate.swift */ = {isa = PBXFileReference; lastKnownFileType = sourcecode.swift; path = SceneDelegate.swift; sourceTree = "<group>"; };
		4D56B360234282D200DE1CDD /* SearchPhotoViewController.swift */ = {isa = PBXFileReference; lastKnownFileType = sourcecode.swift; path = SearchPhotoViewController.swift; sourceTree = "<group>"; };
		4D56B363234282D200DE1CDD /* Base */ = {isa = PBXFileReference; lastKnownFileType = file.storyboard; name = Base; path = Base.lproj/Main.storyboard; sourceTree = "<group>"; };
		4D56B365234282D700DE1CDD /* Assets.xcassets */ = {isa = PBXFileReference; lastKnownFileType = folder.assetcatalog; path = Assets.xcassets; sourceTree = "<group>"; };
		4D56B368234282D700DE1CDD /* Base */ = {isa = PBXFileReference; lastKnownFileType = file.storyboard; name = Base; path = Base.lproj/LaunchScreen.storyboard; sourceTree = "<group>"; };
		4D56B36A234282D700DE1CDD /* Info.plist */ = {isa = PBXFileReference; lastKnownFileType = text.plist.xml; path = Info.plist; sourceTree = "<group>"; };
		4D56B36F234282D700DE1CDD /* PersistanceLabTests.xctest */ = {isa = PBXFileReference; explicitFileType = wrapper.cfbundle; includeInIndex = 0; path = PersistanceLabTests.xctest; sourceTree = BUILT_PRODUCTS_DIR; };
		4D56B373234282D700DE1CDD /* PersistanceLabTests.swift */ = {isa = PBXFileReference; lastKnownFileType = sourcecode.swift; path = PersistanceLabTests.swift; sourceTree = "<group>"; };
		4D56B375234282D700DE1CDD /* Info.plist */ = {isa = PBXFileReference; lastKnownFileType = text.plist.xml; path = Info.plist; sourceTree = "<group>"; };
		4D56B37E2342831D00DE1CDD /* Secrets.swift */ = {isa = PBXFileReference; lastKnownFileType = sourcecode.swift; path = Secrets.swift; sourceTree = "<group>"; };
		4DE5194023428791005097C3 /* PersistanceHelper.swift */ = {isa = PBXFileReference; lastKnownFileType = sourcecode.swift; path = PersistanceHelper.swift; sourceTree = "<group>"; };
		4DE5194223428806005097C3 /* NetworkHelper.swift */ = {isa = PBXFileReference; lastKnownFileType = sourcecode.swift; path = NetworkHelper.swift; sourceTree = "<group>"; };
		4DE5194423428814005097C3 /* AppError.swift */ = {isa = PBXFileReference; lastKnownFileType = sourcecode.swift; path = AppError.swift; sourceTree = "<group>"; };
		4DE5194623428C36005097C3 /* ImageHelper.swift */ = {isa = PBXFileReference; lastKnownFileType = sourcecode.swift; path = ImageHelper.swift; sourceTree = "<group>"; };
		4DE5194823428D9B005097C3 /* PhotoCollectionViewCell.swift */ = {isa = PBXFileReference; lastKnownFileType = sourcecode.swift; path = PhotoCollectionViewCell.swift; sourceTree = "<group>"; };
		4DE5194A23428E1F005097C3 /* PhotoWrapper.swift */ = {isa = PBXFileReference; lastKnownFileType = sourcecode.swift; path = PhotoWrapper.swift; sourceTree = "<group>"; };
		4DE5194C23428EF0005097C3 /* PhotoApiHelper.swift */ = {isa = PBXFileReference; lastKnownFileType = sourcecode.swift; path = PhotoApiHelper.swift; sourceTree = "<group>"; };
		4DE5194E23429661005097C3 /* SearchDetailViewController.swift */ = {isa = PBXFileReference; lastKnownFileType = sourcecode.swift; path = SearchDetailViewController.swift; sourceTree = "<group>"; };
		4DE519502342A294005097C3 /* FavoriteTableViewCell.swift */ = {isa = PBXFileReference; lastKnownFileType = sourcecode.swift; path = FavoriteTableViewCell.swift; sourceTree = "<group>"; };
		4DE519522342A2E8005097C3 /* FavoritesViewController.swift */ = {isa = PBXFileReference; lastKnownFileType = sourcecode.swift; path = FavoritesViewController.swift; sourceTree = "<group>"; };
/* End PBXFileReference section */

/* Begin PBXFrameworksBuildPhase section */
		4D56B356234282D200DE1CDD /* Frameworks */ = {
			isa = PBXFrameworksBuildPhase;
			buildActionMask = 2147483647;
			files = (
			);
			runOnlyForDeploymentPostprocessing = 0;
		};
		4D56B36C234282D700DE1CDD /* Frameworks */ = {
			isa = PBXFrameworksBuildPhase;
			buildActionMask = 2147483647;
			files = (
			);
			runOnlyForDeploymentPostprocessing = 0;
		};
/* End PBXFrameworksBuildPhase section */

/* Begin PBXGroup section */
		4D56B350234282D200DE1CDD = {
			isa = PBXGroup;
			children = (
				4D56B35B234282D200DE1CDD /* PersistanceLab */,
				4D56B372234282D700DE1CDD /* PersistanceLabTests */,
				4D56B35A234282D200DE1CDD /* Products */,
			);
			sourceTree = "<group>";
		};
		4D56B35A234282D200DE1CDD /* Products */ = {
			isa = PBXGroup;
			children = (
				4D56B359234282D200DE1CDD /* PersistanceLab.app */,
				4D56B36F234282D700DE1CDD /* PersistanceLabTests.xctest */,
			);
			name = Products;
			sourceTree = "<group>";
		};
		4D56B35B234282D200DE1CDD /* PersistanceLab */ = {
			isa = PBXGroup;
			children = (
				4D56B3802342844500DE1CDD /* Supporting Files */,
				4D56B3832342846E00DE1CDD /* Views */,
				4D56B3822342846700DE1CDD /* Models */,
				4D56B3812342845600DE1CDD /* Controllers */,
				4D56B362234282D200DE1CDD /* Main.storyboard */,
				4D56B365234282D700DE1CDD /* Assets.xcassets */,
				4D56B36A234282D700DE1CDD /* Info.plist */,
				4D56B37E2342831D00DE1CDD /* Secrets.swift */,
			);
			path = PersistanceLab;
			sourceTree = "<group>";
		};
		4D56B372234282D700DE1CDD /* PersistanceLabTests */ = {
			isa = PBXGroup;
			children = (
				4D56B373234282D700DE1CDD /* PersistanceLabTests.swift */,
				4D56B375234282D700DE1CDD /* Info.plist */,
			);
			path = PersistanceLabTests;
			sourceTree = "<group>";
		};
		4D56B3802342844500DE1CDD /* Supporting Files */ = {
			isa = PBXGroup;
			children = (
				4D56B35C234282D200DE1CDD /* AppDelegate.swift */,
				4D56B35E234282D200DE1CDD /* SceneDelegate.swift */,
				4D56B367234282D700DE1CDD /* LaunchScreen.storyboard */,
			);
			path = "Supporting Files";
			sourceTree = "<group>";
		};
		4D56B3812342845600DE1CDD /* Controllers */ = {
			isa = PBXGroup;
			children = (
				4D56B360234282D200DE1CDD /* SearchPhotoViewController.swift */,
				4DE5194E23429661005097C3 /* SearchDetailViewController.swift */,
				4DE519522342A2E8005097C3 /* FavoritesViewController.swift */,
			);
			path = Controllers;
			sourceTree = "<group>";
		};
		4D56B3822342846700DE1CDD /* Models */ = {
			isa = PBXGroup;
			children = (
				4DE5194023428791005097C3 /* PersistanceHelper.swift */,
				4DE5194223428806005097C3 /* NetworkHelper.swift */,
				4DE5194423428814005097C3 /* AppError.swift */,
				4DE5194623428C36005097C3 /* ImageHelper.swift */,
				4DE5194A23428E1F005097C3 /* PhotoWrapper.swift */,
				4DE5194C23428EF0005097C3 /* PhotoApiHelper.swift */,
			);
			path = Models;
			sourceTree = "<group>";
		};
		4D56B3832342846E00DE1CDD /* Views */ = {
			isa = PBXGroup;
			children = (
				4DE5194823428D9B005097C3 /* PhotoCollectionViewCell.swift */,
				4DE519502342A294005097C3 /* FavoriteTableViewCell.swift */,
			);
			path = Views;
			sourceTree = "<group>";
		};
/* End PBXGroup section */

/* Begin PBXNativeTarget section */
		4D56B358234282D200DE1CDD /* PersistanceLab */ = {
			isa = PBXNativeTarget;
			buildConfigurationList = 4D56B378234282D700DE1CDD /* Build configuration list for PBXNativeTarget "PersistanceLab" */;
			buildPhases = (
				4D56B355234282D200DE1CDD /* Sources */,
				4D56B356234282D200DE1CDD /* Frameworks */,
				4D56B357234282D200DE1CDD /* Resources */,
			);
			buildRules = (
			);
			dependencies = (
			);
			name = PersistanceLab;
			productName = PersistanceLab;
			productReference = 4D56B359234282D200DE1CDD /* PersistanceLab.app */;
			productType = "com.apple.product-type.application";
		};
		4D56B36E234282D700DE1CDD /* PersistanceLabTests */ = {
			isa = PBXNativeTarget;
			buildConfigurationList = 4D56B37B234282D700DE1CDD /* Build configuration list for PBXNativeTarget "PersistanceLabTests" */;
			buildPhases = (
				4D56B36B234282D700DE1CDD /* Sources */,
				4D56B36C234282D700DE1CDD /* Frameworks */,
				4D56B36D234282D700DE1CDD /* Resources */,
			);
			buildRules = (
			);
			dependencies = (
				4D56B371234282D700DE1CDD /* PBXTargetDependency */,
			);
			name = PersistanceLabTests;
			productName = PersistanceLabTests;
			productReference = 4D56B36F234282D700DE1CDD /* PersistanceLabTests.xctest */;
			productType = "com.apple.product-type.bundle.unit-test";
		};
/* End PBXNativeTarget section */

/* Begin PBXProject section */
		4D56B351234282D200DE1CDD /* Project object */ = {
			isa = PBXProject;
			attributes = {
				LastSwiftUpdateCheck = 1100;
				LastUpgradeCheck = 1100;
				ORGANIZATIONNAME = "Angela Garrovillas";
				TargetAttributes = {
					4D56B358234282D200DE1CDD = {
						CreatedOnToolsVersion = 11.0;
					};
					4D56B36E234282D700DE1CDD = {
						CreatedOnToolsVersion = 11.0;
						TestTargetID = 4D56B358234282D200DE1CDD;
					};
				};
			};
			buildConfigurationList = 4D56B354234282D200DE1CDD /* Build configuration list for PBXProject "PersistanceLab" */;
			compatibilityVersion = "Xcode 9.3";
			developmentRegion = en;
			hasScannedForEncodings = 0;
			knownRegions = (
				en,
				Base,
			);
			mainGroup = 4D56B350234282D200DE1CDD;
			productRefGroup = 4D56B35A234282D200DE1CDD /* Products */;
			projectDirPath = "";
			projectRoot = "";
			targets = (
				4D56B358234282D200DE1CDD /* PersistanceLab */,
				4D56B36E234282D700DE1CDD /* PersistanceLabTests */,
			);
		};
/* End PBXProject section */

/* Begin PBXResourcesBuildPhase section */
		4D56B357234282D200DE1CDD /* Resources */ = {
			isa = PBXResourcesBuildPhase;
			buildActionMask = 2147483647;
			files = (
				4D56B369234282D700DE1CDD /* LaunchScreen.storyboard in Resources */,
				4D56B366234282D700DE1CDD /* Assets.xcassets in Resources */,
				4D56B364234282D200DE1CDD /* Main.storyboard in Resources */,
			);
			runOnlyForDeploymentPostprocessing = 0;
		};
		4D56B36D234282D700DE1CDD /* Resources */ = {
			isa = PBXResourcesBuildPhase;
			buildActionMask = 2147483647;
			files = (
			);
			runOnlyForDeploymentPostprocessing = 0;
		};
/* End PBXResourcesBuildPhase section */

/* Begin PBXSourcesBuildPhase section */
		4D56B355234282D200DE1CDD /* Sources */ = {
			isa = PBXSourcesBuildPhase;
			buildActionMask = 2147483647;
			files = (
				4D56B361234282D200DE1CDD /* SearchPhotoViewController.swift in Sources */,
				4D56B37F2342831D00DE1CDD /* Secrets.swift in Sources */,
				4DE519532342A2E8005097C3 /* FavoritesViewController.swift in Sources */,
				4D56B35D234282D200DE1CDD /* AppDelegate.swift in Sources */,
				4D56B35F234282D200DE1CDD /* SceneDelegate.swift in Sources */,
				4DE5194323428806005097C3 /* NetworkHelper.swift in Sources */,
				4DE5194923428D9B005097C3 /* PhotoCollectionViewCell.swift in Sources */,
				4DE5194123428791005097C3 /* PersistanceHelper.swift in Sources */,
				4DE519512342A294005097C3 /* FavoriteTableViewCell.swift in Sources */,
				4DE5194523428814005097C3 /* AppError.swift in Sources */,
				4DE5194B23428E1F005097C3 /* PhotoWrapper.swift in Sources */,
				4DE5194723428C36005097C3 /* ImageHelper.swift in Sources */,
				4DE5194F23429661005097C3 /* SearchDetailViewController.swift in Sources */,
				4DE5194D23428EF0005097C3 /* PhotoApiHelper.swift in Sources */,
			);
			runOnlyForDeploymentPostprocessing = 0;
		};
		4D56B36B234282D700DE1CDD /* Sources */ = {
			isa = PBXSourcesBuildPhase;
			buildActionMask = 2147483647;
			files = (
				4D56B374234282D700DE1CDD /* PersistanceLabTests.swift in Sources */,
			);
			runOnlyForDeploymentPostprocessing = 0;
		};
/* End PBXSourcesBuildPhase section */

/* Begin PBXTargetDependency section */
		4D56B371234282D700DE1CDD /* PBXTargetDependency */ = {
			isa = PBXTargetDependency;
			target = 4D56B358234282D200DE1CDD /* PersistanceLab */;
			targetProxy = 4D56B370234282D700DE1CDD /* PBXContainerItemProxy */;
		};
/* End PBXTargetDependency section */

/* Begin PBXVariantGroup section */
		4D56B362234282D200DE1CDD /* Main.storyboard */ = {
			isa = PBXVariantGroup;
			children = (
				4D56B363234282D200DE1CDD /* Base */,
			);
			name = Main.storyboard;
			sourceTree = "<group>";
		};
		4D56B367234282D700DE1CDD /* LaunchScreen.storyboard */ = {
			isa = PBXVariantGroup;
			children = (
				4D56B368234282D700DE1CDD /* Base */,
			);
			name = LaunchScreen.storyboard;
			sourceTree = "<group>";
		};
/* End PBXVariantGroup section */

/* Begin XCBuildConfiguration section */
		4D56B376234282D700DE1CDD /* Debug */ = {
			isa = XCBuildConfiguration;
			buildSettings = {
				ALWAYS_SEARCH_USER_PATHS = NO;
				CLANG_ANALYZER_NONNULL = YES;
				CLANG_ANALYZER_NUMBER_OBJECT_CONVERSION = YES_AGGRESSIVE;
				CLANG_CXX_LANGUAGE_STANDARD = "gnu++14";
				CLANG_CXX_LIBRARY = "libc++";
				CLANG_ENABLE_MODULES = YES;
				CLANG_ENABLE_OBJC_ARC = YES;
				CLANG_ENABLE_OBJC_WEAK = YES;
				CLANG_WARN_BLOCK_CAPTURE_AUTORELEASING = YES;
				CLANG_WARN_BOOL_CONVERSION = YES;
				CLANG_WARN_COMMA = YES;
				CLANG_WARN_CONSTANT_CONVERSION = YES;
				CLANG_WARN_DEPRECATED_OBJC_IMPLEMENTATIONS = YES;
				CLANG_WARN_DIRECT_OBJC_ISA_USAGE = YES_ERROR;
				CLANG_WARN_DOCUMENTATION_COMMENTS = YES;
				CLANG_WARN_EMPTY_BODY = YES;
				CLANG_WARN_ENUM_CONVERSION = YES;
				CLANG_WARN_INFINITE_RECURSION = YES;
				CLANG_WARN_INT_CONVERSION = YES;
				CLANG_WARN_NON_LITERAL_NULL_CONVERSION = YES;
				CLANG_WARN_OBJC_IMPLICIT_RETAIN_SELF = YES;
				CLANG_WARN_OBJC_LITERAL_CONVERSION = YES;
				CLANG_WARN_OBJC_ROOT_CLASS = YES_ERROR;
				CLANG_WARN_RANGE_LOOP_ANALYSIS = YES;
				CLANG_WARN_STRICT_PROTOTYPES = YES;
				CLANG_WARN_SUSPICIOUS_MOVE = YES;
				CLANG_WARN_UNGUARDED_AVAILABILITY = YES_AGGRESSIVE;
				CLANG_WARN_UNREACHABLE_CODE = YES;
				CLANG_WARN__DUPLICATE_METHOD_MATCH = YES;
				COPY_PHASE_STRIP = NO;
				DEBUG_INFORMATION_FORMAT = dwarf;
				ENABLE_STRICT_OBJC_MSGSEND = YES;
				ENABLE_TESTABILITY = YES;
				GCC_C_LANGUAGE_STANDARD = gnu11;
				GCC_DYNAMIC_NO_PIC = NO;
				GCC_NO_COMMON_BLOCKS = YES;
				GCC_OPTIMIZATION_LEVEL = 0;
				GCC_PREPROCESSOR_DEFINITIONS = (
					"DEBUG=1",
					"$(inherited)",
				);
				GCC_WARN_64_TO_32_BIT_CONVERSION = YES;
				GCC_WARN_ABOUT_RETURN_TYPE = YES_ERROR;
				GCC_WARN_UNDECLARED_SELECTOR = YES;
				GCC_WARN_UNINITIALIZED_AUTOS = YES_AGGRESSIVE;
				GCC_WARN_UNUSED_FUNCTION = YES;
				GCC_WARN_UNUSED_VARIABLE = YES;
				IPHONEOS_DEPLOYMENT_TARGET = 13.0;
				MTL_ENABLE_DEBUG_INFO = INCLUDE_SOURCE;
				MTL_FAST_MATH = YES;
				ONLY_ACTIVE_ARCH = YES;
				SDKROOT = iphoneos;
				SWIFT_ACTIVE_COMPILATION_CONDITIONS = DEBUG;
				SWIFT_OPTIMIZATION_LEVEL = "-Onone";
			};
			name = Debug;
		};
		4D56B377234282D700DE1CDD /* Release */ = {
			isa = XCBuildConfiguration;
			buildSettings = {
				ALWAYS_SEARCH_USER_PATHS = NO;
				CLANG_ANALYZER_NONNULL = YES;
				CLANG_ANALYZER_NUMBER_OBJECT_CONVERSION = YES_AGGRESSIVE;
				CLANG_CXX_LANGUAGE_STANDARD = "gnu++14";
				CLANG_CXX_LIBRARY = "libc++";
				CLANG_ENABLE_MODULES = YES;
				CLANG_ENABLE_OBJC_ARC = YES;
				CLANG_ENABLE_OBJC_WEAK = YES;
				CLANG_WARN_BLOCK_CAPTURE_AUTORELEASING = YES;
				CLANG_WARN_BOOL_CONVERSION = YES;
				CLANG_WARN_COMMA = YES;
				CLANG_WARN_CONSTANT_CONVERSION = YES;
				CLANG_WARN_DEPRECATED_OBJC_IMPLEMENTATIONS = YES;
				CLANG_WARN_DIRECT_OBJC_ISA_USAGE = YES_ERROR;
				CLANG_WARN_DOCUMENTATION_COMMENTS = YES;
				CLANG_WARN_EMPTY_BODY = YES;
				CLANG_WARN_ENUM_CONVERSION = YES;
				CLANG_WARN_INFINITE_RECURSION = YES;
				CLANG_WARN_INT_CONVERSION = YES;
				CLANG_WARN_NON_LITERAL_NULL_CONVERSION = YES;
				CLANG_WARN_OBJC_IMPLICIT_RETAIN_SELF = YES;
				CLANG_WARN_OBJC_LITERAL_CONVERSION = YES;
				CLANG_WARN_OBJC_ROOT_CLASS = YES_ERROR;
				CLANG_WARN_RANGE_LOOP_ANALYSIS = YES;
				CLANG_WARN_STRICT_PROTOTYPES = YES;
				CLANG_WARN_SUSPICIOUS_MOVE = YES;
				CLANG_WARN_UNGUARDED_AVAILABILITY = YES_AGGRESSIVE;
				CLANG_WARN_UNREACHABLE_CODE = YES;
				CLANG_WARN__DUPLICATE_METHOD_MATCH = YES;
				COPY_PHASE_STRIP = NO;
				DEBUG_INFORMATION_FORMAT = "dwarf-with-dsym";
				ENABLE_NS_ASSERTIONS = NO;
				ENABLE_STRICT_OBJC_MSGSEND = YES;
				GCC_C_LANGUAGE_STANDARD = gnu11;
				GCC_NO_COMMON_BLOCKS = YES;
				GCC_WARN_64_TO_32_BIT_CONVERSION = YES;
				GCC_WARN_ABOUT_RETURN_TYPE = YES_ERROR;
				GCC_WARN_UNDECLARED_SELECTOR = YES;
				GCC_WARN_UNINITIALIZED_AUTOS = YES_AGGRESSIVE;
				GCC_WARN_UNUSED_FUNCTION = YES;
				GCC_WARN_UNUSED_VARIABLE = YES;
				IPHONEOS_DEPLOYMENT_TARGET = 13.0;
				MTL_ENABLE_DEBUG_INFO = NO;
				MTL_FAST_MATH = YES;
				SDKROOT = iphoneos;
				SWIFT_COMPILATION_MODE = wholemodule;
				SWIFT_OPTIMIZATION_LEVEL = "-O";
				VALIDATE_PRODUCT = YES;
			};
			name = Release;
		};
		4D56B379234282D700DE1CDD /* Debug */ = {
			isa = XCBuildConfiguration;
			buildSettings = {
				ASSETCATALOG_COMPILER_APPICON_NAME = AppIcon;
				CODE_SIGN_STYLE = Automatic;
				INFOPLIST_FILE = PersistanceLab/Info.plist;
				LD_RUNPATH_SEARCH_PATHS = (
					"$(inherited)",
					"@executable_path/Frameworks",
				);
				PRODUCT_BUNDLE_IDENTIFIER = flPafRsnOsJ.PersistanceLab;
				PRODUCT_NAME = "$(TARGET_NAME)";
				SWIFT_VERSION = 5.0;
				TARGETED_DEVICE_FAMILY = "1,2";
			};
			name = Debug;
		};
		4D56B37A234282D700DE1CDD /* Release */ = {
			isa = XCBuildConfiguration;
			buildSettings = {
				ASSETCATALOG_COMPILER_APPICON_NAME = AppIcon;
				CODE_SIGN_STYLE = Automatic;
				INFOPLIST_FILE = PersistanceLab/Info.plist;
				LD_RUNPATH_SEARCH_PATHS = (
					"$(inherited)",
					"@executable_path/Frameworks",
				);
				PRODUCT_BUNDLE_IDENTIFIER = flPafRsnOsJ.PersistanceLab;
				PRODUCT_NAME = "$(TARGET_NAME)";
				SWIFT_VERSION = 5.0;
				TARGETED_DEVICE_FAMILY = "1,2";
			};
			name = Release;
		};
		4D56B37C234282D700DE1CDD /* Debug */ = {
			isa = XCBuildConfiguration;
			buildSettings = {
				ALWAYS_EMBED_SWIFT_STANDARD_LIBRARIES = YES;
				BUNDLE_LOADER = "$(TEST_HOST)";
				CODE_SIGN_STYLE = Automatic;
				INFOPLIST_FILE = PersistanceLabTests/Info.plist;
				IPHONEOS_DEPLOYMENT_TARGET = 13.0;
				LD_RUNPATH_SEARCH_PATHS = (
					"$(inherited)",
					"@executable_path/Frameworks",
					"@loader_path/Frameworks",
				);
				PRODUCT_BUNDLE_IDENTIFIER = flPafRsnOsJ.PersistanceLabTests;
				PRODUCT_NAME = "$(TARGET_NAME)";
				SWIFT_VERSION = 5.0;
				TARGETED_DEVICE_FAMILY = "1,2";
				TEST_HOST = "$(BUILT_PRODUCTS_DIR)/PersistanceLab.app/PersistanceLab";
			};
			name = Debug;
		};
		4D56B37D234282D700DE1CDD /* Release */ = {
			isa = XCBuildConfiguration;
			buildSettings = {
				ALWAYS_EMBED_SWIFT_STANDARD_LIBRARIES = YES;
				BUNDLE_LOADER = "$(TEST_HOST)";
				CODE_SIGN_STYLE = Automatic;
				INFOPLIST_FILE = PersistanceLabTests/Info.plist;
				IPHONEOS_DEPLOYMENT_TARGET = 13.0;
				LD_RUNPATH_SEARCH_PATHS = (
					"$(inherited)",
					"@executable_path/Frameworks",
					"@loader_path/Frameworks",
				);
				PRODUCT_BUNDLE_IDENTIFIER = flPafRsnOsJ.PersistanceLabTests;
				PRODUCT_NAME = "$(TARGET_NAME)";
				SWIFT_VERSION = 5.0;
				TARGETED_DEVICE_FAMILY = "1,2";
				TEST_HOST = "$(BUILT_PRODUCTS_DIR)/PersistanceLab.app/PersistanceLab";
			};
			name = Release;
		};
/* End XCBuildConfiguration section */

/* Begin XCConfigurationList section */
		4D56B354234282D200DE1CDD /* Build configuration list for PBXProject "PersistanceLab" */ = {
			isa = XCConfigurationList;
			buildConfigurations = (
				4D56B376234282D700DE1CDD /* Debug */,
				4D56B377234282D700DE1CDD /* Release */,
			);
			defaultConfigurationIsVisible = 0;
			defaultConfigurationName = Release;
		};
		4D56B378234282D700DE1CDD /* Build configuration list for PBXNativeTarget "PersistanceLab" */ = {
			isa = XCConfigurationList;
			buildConfigurations = (
				4D56B379234282D700DE1CDD /* Debug */,
				4D56B37A234282D700DE1CDD /* Release */,
			);
			defaultConfigurationIsVisible = 0;
			defaultConfigurationName = Release;
		};
		4D56B37B234282D700DE1CDD /* Build configuration list for PBXNativeTarget "PersistanceLabTests" */ = {
			isa = XCConfigurationList;
			buildConfigurations = (
				4D56B37C234282D700DE1CDD /* Debug */,
				4D56B37D234282D700DE1CDD /* Release */,
			);
			defaultConfigurationIsVisible = 0;
			defaultConfigurationName = Release;
		};
/* End XCConfigurationList section */
	};
	rootObject = 4D56B351234282D200DE1CDD /* Project object */;
}
